
Microsoft Visual Studio Solution File, Format Version 12.00
# Visual Studio Version 17
VisualStudioVersion = 17.5.33530.505
MinimumVisualStudioVersion = 10.0.40219.1
Project("{FAE04EC0-301F-11D3-BF4B-00C04F79EFBC}") = "Week14OOP", "Week14OOP\Week14OOP.csproj", "{E97E0328-6A70-4D3B-AE42-3498C28423FE}"
EndProject
Global
	GlobalSection(SolutionConfigurationPlatforms) = preSolution
		Debug|Any CPU = Debug|Any CPU
		Release|Any CPU = Release|Any CPU
	EndGlobalSection
	GlobalSection(ProjectConfigurationPlatforms) = postSolution
		{E97E0328-6A70-4D3B-AE42-3498C28423FE}.Debug|Any CPU.ActiveCfg = Debug|Any CPU
		{E97E0328-6A70-4D3B-AE42-3498C28423FE}.Debug|Any CPU.Build.0 = Debug|Any CPU
		{E97E0328-6A70-4D3B-AE42-3498C28423FE}.Release|Any CPU.ActiveCfg = Release|Any CPU
		{E97E0328-6A70-4D3B-AE42-3498C28423FE}.Release|Any CPU.Build.0 = Release|Any CPU
	EndGlobalSection
	GlobalSection(SolutionProperties) = preSolution
		HideSolutionNode = FALSE
	EndGlobalSection
	GlobalSection(ExtensibilityGlobals) = postSolution
		SolutionGuid = {B8E117EF-96B7-42C2-BDC1-1FBFAC23EFBE}
	EndGlobalSection
EndGlobal
